// !$*UTF8*$!
{
	archiveVersion = 1;
	classes = {
	};
	objectVersion = 46;
	objects = {

/* Begin PBXBuildFile section */
		D151C4081F044D3700EC1829 /* main.m in Sources */ = {isa = PBXBuildFile; fileRef = D151C4071F044D3700EC1829 /* main.m */; };
		D151C4101F044DA300EC1829 /* Dice.m in Sources */ = {isa = PBXBuildFile; fileRef = D151C40F1F044DA300EC1829 /* Dice.m */; };
		D151C4131F04533100EC1829 /* InputHandler.m in Sources */ = {isa = PBXBuildFile; fileRef = D151C4121F04533100EC1829 /* InputHandler.m */; };
		D151C4161F04546900EC1829 /* GameController.m in Sources */ = {isa = PBXBuildFile; fileRef = D151C4151F04546900EC1829 /* GameController.m */; };
/* End PBXBuildFile section */

/* Begin PBXCopyFilesBuildPhase section */
		D151C4021F044D3700EC1829 /* CopyFiles */ = {
			isa = PBXCopyFilesBuildPhase;
			buildActionMask = 2147483647;
			dstPath = /usr/share/man/man1/;
			dstSubfolderSpec = 0;
			files = (
			);
			runOnlyForDeploymentPostprocessing = 1;
		};
/* End PBXCopyFilesBuildPhase section */

/* Begin PBXFileReference section */
		D151C4041F044D3700EC1829 /* ThreeLow */ = {isa = PBXFileReference; explicitFileType = "compiled.mach-o.executable"; includeInIndex = 0; path = ThreeLow; sourceTree = BUILT_PRODUCTS_DIR; };
		D151C4071F044D3700EC1829 /* main.m */ = {isa = PBXFileReference; lastKnownFileType = sourcecode.c.objc; path = main.m; sourceTree = "<group>"; };
		D151C40E1F044DA300EC1829 /* Dice.h */ = {isa = PBXFileReference; fileEncoding = 4; lastKnownFileType = sourcecode.c.h; path = Dice.h; sourceTree = "<group>"; };
		D151C40F1F044DA300EC1829 /* Dice.m */ = {isa = PBXFileReference; fileEncoding = 4; lastKnownFileType = sourcecode.c.objc; path = Dice.m; sourceTree = "<group>"; };
		D151C4111F04533100EC1829 /* InputHandler.h */ = {isa = PBXFileReference; fileEncoding = 4; lastKnownFileType = sourcecode.c.h; path = InputHandler.h; sourceTree = "<group>"; };
		D151C4121F04533100EC1829 /* InputHandler.m */ = {isa = PBXFileReference; fileEncoding = 4; lastKnownFileType = sourcecode.c.objc; path = InputHandler.m; sourceTree = "<group>"; };
		D151C4141F04546900EC1829 /* GameController.h */ = {isa = PBXFileReference; fileEncoding = 4; lastKnownFileType = sourcecode.c.h; path = GameController.h; sourceTree = "<group>"; };
		D151C4151F04546900EC1829 /* GameController.m */ = {isa = PBXFileReference; fileEncoding = 4; lastKnownFileType = sourcecode.c.objc; path = GameController.m; sourceTree = "<group>"; };
/* End PBXFileReference section */

/* Begin PBXFrameworksBuildPhase section */
		D151C4011F044D3700EC1829 /* Frameworks */ = {
			isa = PBXFrameworksBuildPhase;
			buildActionMask = 2147483647;
			files = (
			);
			runOnlyForDeploymentPostprocessing = 0;
		};
/* End PBXFrameworksBuildPhase section */

/* Begin PBXGroup section */
		D151C3FB1F044D3700EC1829 = {
			isa = PBXGroup;
			children = (
				D151C4061F044D3700EC1829 /* ThreeLow */,
				D151C4051F044D3700EC1829 /* Products */,
			);
			sourceTree = "<group>";
		};
		D151C4051F044D3700EC1829 /* Products */ = {
			isa = PBXGroup;
			children = (
				D151C4041F044D3700EC1829 /* ThreeLow */,
			);
			name = Products;
			sourceTree = "<group>";
		};
		D151C4061F044D3700EC1829 /* ThreeLow */ = {
			isa = PBXGroup;
			children = (
				D151C4071F044D3700EC1829 /* main.m */,
				D151C40E1F044DA300EC1829 /* Dice.h */,
				D151C40F1F044DA300EC1829 /* Dice.m */,
				D151C4111F04533100EC1829 /* InputHandler.h */,
				D151C4121F04533100EC1829 /* InputHandler.m */,
				D151C4141F04546900EC1829 /* GameController.h */,
				D151C4151F04546900EC1829 /* GameController.m */,
			);
			path = ThreeLow;
			sourceTree = "<group>";
		};
/* End PBXGroup section */

/* Begin PBXNativeTarget section */
		D151C4031F044D3700EC1829 /* ThreeLow */ = {
			isa = PBXNativeTarget;
			buildConfigurationList = D151C40B1F044D3700EC1829 /* Build configuration list for PBXNativeTarget "ThreeLow" */;
			buildPhases = (
				D151C4001F044D3700EC1829 /* Sources */,
				D151C4011F044D3700EC1829 /* Frameworks */,
				D151C4021F044D3700EC1829 /* CopyFiles */,
			);
			buildRules = (
			);
			dependencies = (
			);
			name = ThreeLow;
			productName = ThreeLow;
			productReference = D151C4041F044D3700EC1829 /* ThreeLow */;
			productType = "com.apple.product-type.tool";
		};
/* End PBXNativeTarget section */

/* Begin PBXProject section */
		D151C3FC1F044D3700EC1829 /* Project object */ = {
			isa = PBXProject;
			attributes = {
				LastUpgradeCheck = 0830;
				ORGANIZATIONNAME = "Errol Cheong";
				TargetAttributes = {
					D151C4031F044D3700EC1829 = {
						CreatedOnToolsVersion = 8.3.3;
						ProvisioningStyle = Automatic;
					};
				};
			};
			buildConfigurationList = D151C3FF1F044D3700EC1829 /* Build configuration list for PBXProject "ThreeLow" */;
			compatibilityVersion = "Xcode 3.2";
			developmentRegion = English;
			hasScannedForEncodings = 0;
			knownRegions = (
				en,
			);
			mainGroup = D151C3FB1F044D3700EC1829;
			productRefGroup = D151C4051F044D3700EC1829 /* Products */;
			projectDirPath = "";
			projectRoot = "";
			targets = (
				D151C4031F044D3700EC1829 /* ThreeLow */,
			);
		};
/* End PBXProject section */

/* Begin PBXSourcesBuildPhase section */
		D151C4001F044D3700EC1829 /* Sources */ = {
			isa = PBXSourcesBuildPhase;
			buildActionMask = 2147483647;
			files = (
				D151C4101F044DA300EC1829 /* Dice.m in Sources */,
				D151C4161F04546900EC1829 /* GameController.m in Sources */,
				D151C4131F04533100EC1829 /* InputHandler.m in Sources */,
				D151C4081F044D3700EC1829 /* main.m in Sources */,
			);
			runOnlyForDeploymentPostprocessing = 0;
		};
/* End PBXSourcesBuildPhase section */

/* Begin XCBuildConfiguration section */
		D151C4091F044D3700EC1829 /* Debug */ = {
			isa = XCBuildConfiguration;
			buildSettings = {
				ALWAYS_SEARCH_USER_PATHS = NO;
				CLANG_ANALYZER_NONNULL = YES;
				CLANG_ANALYZER_NUMBER_OBJECT_CONVERSION = YES_AGGRESSIVE;
				CLANG_CXX_LANGUAGE_STANDARD = "gnu++0x";
				CLANG_CXX_LIBRARY = "libc++";
				CLANG_ENABLE_MODULES = YES;
				CLANG_ENABLE_OBJC_ARC = YES;
				CLANG_WARN_BOOL_CONVERSION = YES;
				CLANG_WARN_CONSTANT_CONVERSION = YES;
				CLANG_WARN_DIRECT_OBJC_ISA_USAGE = YES_ERROR;
				CLANG_WARN_DOCUMENTATION_COMMENTS = YES;
				CLANG_WARN_EMPTY_BODY = YES;
				CLANG_WARN_ENUM_CONVERSION = YES;
				CLANG_WARN_INFINITE_RECURSION = YES;
				CLANG_WARN_INT_CONVERSION = YES;
				CLANG_WARN_OBJC_ROOT_CLASS = YES_ERROR;
				CLANG_WARN_SUSPICIOUS_MOVE = YES;
				CLANG_WARN_UNREACHABLE_CODE = YES;
				CLANG_WARN__DUPLICATE_METHOD_MATCH = YES;
				CODE_SIGN_IDENTITY = "-";
				COPY_PHASE_STRIP = NO;
				DEBUG_INFORMATION_FORMAT = dwarf;
				ENABLE_STRICT_OBJC_MSGSEND = YES;
				ENABLE_TESTABILITY = YES;
				GCC_C_LANGUAGE_STANDARD = gnu99;
				GCC_DYNAMIC_NO_PIC = NO;
				GCC_NO_COMMON_BLOCKS = YES;
				GCC_OPTIMIZATION_LEVEL = 0;
				GCC_PREPROCESSOR_DEFINITIONS = (
					"DEBUG=1",
					"$(inherited)",
				);
				GCC_WARN_64_TO_32_BIT_CONVERSION = YES;
				GCC_WARN_ABOUT_RETURN_TYPE = YES_ERROR;
				GCC_WARN_UNDECLARED_SELECTOR = YES;
				GCC_WARN_UNINITIALIZED_AUTOS = YES_AGGRESSIVE;
				GCC_WARN_UNUSED_FUNCTION = YES;
				GCC_WARN_UNUSED_VARIABLE = YES;
				MACOSX_DEPLOYMENT_TARGET = 10.12;
				MTL_ENABLE_DEBUG_INFO = YES;
				ONLY_ACTIVE_ARCH = YES;
				SDKROOT = macosx;
			};
			name = Debug;
		};
		D151C40A1F044D3700EC1829 /* Release */ = {
			isa = XCBuildConfiguration;
			buildSettings = {
				ALWAYS_SEARCH_USER_PATHS = NO;
				CLANG_ANALYZER_NONNULL = YES;
				CLANG_ANALYZER_NUMBER_OBJECT_CONVERSION = YES_AGGRESSIVE;
				CLANG_CXX_LANGUAGE_STANDARD = "gnu++0x";
				CLANG_CXX_LIBRARY = "libc++";
				CLANG_ENABLE_MODULES = YES;
				CLANG_ENABLE_OBJC_ARC = YES;
				CLANG_WARN_BOOL_CONVERSION = YES;
				CLANG_WARN_CONSTANT_CONVERSION = YES;
				CLANG_WARN_DIRECT_OBJC_ISA_USAGE = YES_ERROR;
				CLANG_WARN_DOCUMENTATION_COMMENTS = YES;
				CLANG_WARN_EMPTY_BODY = YES;
				CLANG_WARN_ENUM_CONVERSION = YES;
				CLANG_WARN_INFINITE_RECURSION = YES;
				CLANG_WARN_INT_CONVERSION = YES;
				CLANG_WARN_OBJC_ROOT_CLASS = YES_ERROR;
				CLANG_WARN_SUSPICIOUS_MOVE = YES;
				CLANG_WARN_UNREACHABLE_CODE = YES;
				CLANG_WARN__DUPLICATE_METHOD_MATCH = YES;
				CODE_SIGN_IDENTITY = "-";
				COPY_PHASE_STRIP = NO;
				DEBUG_INFORMATION_FORMAT = "dwarf-with-dsym";
				ENABLE_NS_ASSERTIONS = NO;
				ENABLE_STRICT_OBJC_MSGSEND = YES;
				GCC_C_LANGUAGE_STANDARD = gnu99;
				GCC_NO_COMMON_BLOCKS = YES;
				GCC_WARN_64_TO_32_BIT_CONVERSION = YES;
				GCC_WARN_ABOUT_RETURN_TYPE = YES_ERROR;
				GCC_WARN_UNDECLARED_SELECTOR = YES;
				GCC_WARN_UNINITIALIZED_AUTOS = YES_AGGRESSIVE;
				GCC_WARN_UNUSED_FUNCTION = YES;
				GCC_WARN_UNUSED_VARIABLE = YES;
				MACOSX_DEPLOYMENT_TARGET = 10.12;
				MTL_ENABLE_DEBUG_INFO = NO;
				SDKROOT = macosx;
			};
			name = Release;
		};
		D151C40C1F044D3700EC1829 /* Debug */ = {
			isa = XCBuildConfiguration;
			buildSettings = {
				PRODUCT_NAME = "$(TARGET_NAME)";
			};
			name = Debug;
		};
		D151C40D1F044D3700EC1829 /* Release */ = {
			isa = XCBuildConfiguration;
			buildSettings = {
				PRODUCT_NAME = "$(TARGET_NAME)";
			};
			name = Release;
		};
/* End XCBuildConfiguration section */

/* Begin XCConfigurationList section */
		D151C3FF1F044D3700EC1829 /* Build configuration list for PBXProject "ThreeLow" */ = {
			isa = XCConfigurationList;
			buildConfigurations = (
				D151C4091F044D3700EC1829 /* Debug */,
				D151C40A1F044D3700EC1829 /* Release */,
			);
			defaultConfigurationIsVisible = 0;
			defaultConfigurationName = Release;
		};
		D151C40B1F044D3700EC1829 /* Build configuration list for PBXNativeTarget "ThreeLow" */ = {
			isa = XCConfigurationList;
			buildConfigurations = (
				D151C40C1F044D3700EC1829 /* Debug */,
				D151C40D1F044D3700EC1829 /* Release */,
			);
			defaultConfigurationIsVisible = 0;
		};
/* End XCConfigurationList section */
	};
	rootObject = D151C3FC1F044D3700EC1829 /* Project object */;
}
